
Microsoft Visual Studio Solution File, Format Version 12.00
# Visual Studio Version 16
VisualStudioVersion = 16.0.32106.194
MinimumVisualStudioVersion = 10.0.40219.1
Project("{FAE04EC0-301F-11D3-BF4B-00C04F79EFBC}") = "OpenScripts2", "OpenScripts2\OpenScripts2.csproj", "{DB04F669-7223-4552-9745-C06832A51DB2}"
EndProject
Global
	GlobalSection(SolutionConfigurationPlatforms) = preSolution
		Debug|Any CPU = Debug|Any CPU
		Release|Any CPU = Release|Any CPU
	EndGlobalSection
	GlobalSection(ProjectConfigurationPlatforms) = postSolution
		{DB04F669-7223-4552-9745-C06832A51DB2}.Debug|Any CPU.ActiveCfg = Debug|Any CPU
		{DB04F669-7223-4552-9745-C06832A51DB2}.Debug|Any CPU.Build.0 = Debug|Any CPU
		{DB04F669-7223-4552-9745-C06832A51DB2}.Release|Any CPU.ActiveCfg = Release|Any CPU
		{DB04F669-7223-4552-9745-C06832A51DB2}.Release|Any CPU.Build.0 = Release|Any CPU
	EndGlobalSection
	GlobalSection(SolutionProperties) = preSolution
		HideSolutionNode = FALSE
	EndGlobalSection
	GlobalSection(ExtensibilityGlobals) = postSolution
		SolutionGuid = {E037B5DA-3784-4765-B1D9-D1B5FE9B69F4}
	EndGlobalSection
EndGlobal
